
Microsoft Visual Studio Solution File, Format Version 11.00
# Visual Studio 2010
Project("{FAE04EC0-301F-11D3-BF4B-00C04F79EFBC}") = "AutoReportService", "Service\AutoReportService.csproj", "{7DF64C24-5601-4D09-9842-A3B5C789EDB6}"
EndProject
Project("{FAE04EC0-301F-11D3-BF4B-00C04F79EFBC}") = "AutoReportCore", "Core\AutoReportCore.csproj", "{1BF1F150-93F7-47B9-BDFF-12D407C33987}"
EndProject
Project("{FAE04EC0-301F-11D3-BF4B-00C04F79EFBC}") = "AutoReportConfig", "Config\AutoReportConfig.csproj", "{090B91D7-B824-4D92-BA4D-C058648C619E}"
EndProject
Project("{FAE04EC0-301F-11D3-BF4B-00C04F79EFBC}") = "Test", "Test\Test.csproj", "{27997671-D148-427A-9911-13841AC3040C}"
EndProject
Project("{6141683F-8A12-4E36-9623-2EB02B2C2303}") = "Setup", "Setup\Setup.isproj", "{5A674367-790F-48FA-B5D3-C99B843DABB6}"
EndProject
Project("{FAE04EC0-301F-11D3-BF4B-00C04F79EFBC}") = "SHBReports", "SHBReports\SHBReports.csproj", "{9DFBD0EF-24E5-4DB4-96AF-236452EC9FC5}"
EndProject
Project("{FAE04EC0-301F-11D3-BF4B-00C04F79EFBC}") = "VHBReports", "VHBReports\VHBReports.csproj", "{764DBA74-6513-40F4-8174-A03997F586F4}"
EndProject
Project("{FAE04EC0-301F-11D3-BF4B-00C04F79EFBC}") = "C0241", "C0241\C0241.csproj", "{68901C42-6515-4992-9491-5E89E9AC0FFA}"
EndProject
Project("{FAE04EC0-301F-11D3-BF4B-00C04F79EFBC}") = "C1368", "C1368\C1368.csproj", "{B15E6C4E-B99B-42F8-B630-AF6F20B18BEE}"
EndProject
Project("{FAE04EC0-301F-11D3-BF4B-00C04F79EFBC}") = "C1048", "C1048\C1048.csproj", "{F567C891-E638-4FA4-A976-72E5AF87C2F3}"
EndProject
Project("{FAE04EC0-301F-11D3-BF4B-00C04F79EFBC}") = "EFGP", "EFGP\EFGP.csproj", "{4AE4FCC7-091D-455F-9513-363488900A60}"
EndProject
Project("{FAE04EC0-301F-11D3-BF4B-00C04F79EFBC}") = "C1749", "C1749\C1749.csproj", "{FF4A273A-5E79-4E42-9108-9B319DE94827}"
EndProject
Project("{FAE04EC0-301F-11D3-BF4B-00C04F79EFBC}") = "C0160", "C0160\C0160.csproj", "{CE017551-B1D1-4D4E-A3EE-D745FC8A92CD}"
EndProject
Project("{FAE04EC0-301F-11D3-BF4B-00C04F79EFBC}") = "C1491", "C1491\C1491.csproj", "{87841823-6334-4257-988E-3DA89B1CC76A}"
EndProject
Project("{FAE04EC0-301F-11D3-BF4B-00C04F79EFBC}") = "C1900", "C1900\C1900.csproj", "{EC26C2A5-9864-48D5-9CF6-25F7F8837B2F}"
EndProject
Global
	GlobalSection(SolutionConfigurationPlatforms) = preSolution
		CD_ROM|Any CPU = CD_ROM|Any CPU
		CD_ROM|Mixed Platforms = CD_ROM|Mixed Platforms
		CD_ROM|x86 = CD_ROM|x86
		Debug|Any CPU = Debug|Any CPU
		Debug|Mixed Platforms = Debug|Mixed Platforms
		Debug|x86 = Debug|x86
		DVD-5|Any CPU = DVD-5|Any CPU
		DVD-5|Mixed Platforms = DVD-5|Mixed Platforms
		DVD-5|x86 = DVD-5|x86
		Release|Any CPU = Release|Any CPU
		Release|Mixed Platforms = Release|Mixed Platforms
		Release|x86 = Release|x86
		SingleImage|Any CPU = SingleImage|Any CPU
		SingleImage|Mixed Platforms = SingleImage|Mixed Platforms
		SingleImage|x86 = SingleImage|x86
	EndGlobalSection
	GlobalSection(ProjectConfigurationPlatforms) = postSolution
		{7DF64C24-5601-4D09-9842-A3B5C789EDB6}.CD_ROM|Any CPU.ActiveCfg = Release|x86
		{7DF64C24-5601-4D09-9842-A3B5C789EDB6}.CD_ROM|Mixed Platforms.ActiveCfg = Release|x86
		{7DF64C24-5601-4D09-9842-A3B5C789EDB6}.CD_ROM|Mixed Platforms.Build.0 = Release|x86
		{7DF64C24-5601-4D09-9842-A3B5C789EDB6}.CD_ROM|x86.ActiveCfg = Release|x86
		{7DF64C24-5601-4D09-9842-A3B5C789EDB6}.CD_ROM|x86.Build.0 = Release|x86
		{7DF64C24-5601-4D09-9842-A3B5C789EDB6}.Debug|Any CPU.ActiveCfg = Debug|x86
		{7DF64C24-5601-4D09-9842-A3B5C789EDB6}.Debug|Mixed Platforms.ActiveCfg = Debug|x86
		{7DF64C24-5601-4D09-9842-A3B5C789EDB6}.Debug|Mixed Platforms.Build.0 = Debug|x86
		{7DF64C24-5601-4D09-9842-A3B5C789EDB6}.Debug|x86.ActiveCfg = Debug|x86
		{7DF64C24-5601-4D09-9842-A3B5C789EDB6}.Debug|x86.Build.0 = Debug|x86
		{7DF64C24-5601-4D09-9842-A3B5C789EDB6}.DVD-5|Any CPU.ActiveCfg = Debug|x86
		{7DF64C24-5601-4D09-9842-A3B5C789EDB6}.DVD-5|Mixed Platforms.ActiveCfg = Debug|x86
		{7DF64C24-5601-4D09-9842-A3B5C789EDB6}.DVD-5|Mixed Platforms.Build.0 = Debug|x86
		{7DF64C24-5601-4D09-9842-A3B5C789EDB6}.DVD-5|x86.ActiveCfg = Debug|x86
		{7DF64C24-5601-4D09-9842-A3B5C789EDB6}.DVD-5|x86.Build.0 = Debug|x86
		{7DF64C24-5601-4D09-9842-A3B5C789EDB6}.Release|Any CPU.ActiveCfg = Release|x86
		{7DF64C24-5601-4D09-9842-A3B5C789EDB6}.Release|Mixed Platforms.ActiveCfg = Release|x86
		{7DF64C24-5601-4D09-9842-A3B5C789EDB6}.Release|Mixed Platforms.Build.0 = Release|x86
		{7DF64C24-5601-4D09-9842-A3B5C789EDB6}.Release|x86.ActiveCfg = Release|x86
		{7DF64C24-5601-4D09-9842-A3B5C789EDB6}.Release|x86.Build.0 = Release|x86
		{7DF64C24-5601-4D09-9842-A3B5C789EDB6}.SingleImage|Any CPU.ActiveCfg = Release|x86
		{7DF64C24-5601-4D09-9842-A3B5C789EDB6}.SingleImage|Mixed Platforms.ActiveCfg = Release|x86
		{7DF64C24-5601-4D09-9842-A3B5C789EDB6}.SingleImage|Mixed Platforms.Build.0 = Release|x86
		{7DF64C24-5601-4D09-9842-A3B5C789EDB6}.SingleImage|x86.ActiveCfg = Release|x86
		{7DF64C24-5601-4D09-9842-A3B5C789EDB6}.SingleImage|x86.Build.0 = Release|x86
		{1BF1F150-93F7-47B9-BDFF-12D407C33987}.CD_ROM|Any CPU.ActiveCfg = Release|x86
		{1BF1F150-93F7-47B9-BDFF-12D407C33987}.CD_ROM|Mixed Platforms.ActiveCfg = Release|x86
		{1BF1F150-93F7-47B9-BDFF-12D407C33987}.CD_ROM|Mixed Platforms.Build.0 = Release|x86
		{1BF1F150-93F7-47B9-BDFF-12D407C33987}.CD_ROM|x86.ActiveCfg = Release|x86
		{1BF1F150-93F7-47B9-BDFF-12D407C33987}.CD_ROM|x86.Build.0 = Release|x86
		{1BF1F150-93F7-47B9-BDFF-12D407C33987}.Debug|Any CPU.ActiveCfg = Debug|Any CPU
		{1BF1F150-93F7-47B9-BDFF-12D407C33987}.Debug|Any CPU.Build.0 = Debug|Any CPU
		{1BF1F150-93F7-47B9-BDFF-12D407C33987}.Debug|Mixed Platforms.ActiveCfg = Debug|x86
		{1BF1F150-93F7-47B9-BDFF-12D407C33987}.Debug|Mixed Platforms.Build.0 = Debug|x86
		{1BF1F150-93F7-47B9-BDFF-12D407C33987}.Debug|x86.ActiveCfg = Debug|x86
		{1BF1F150-93F7-47B9-BDFF-12D407C33987}.Debug|x86.Build.0 = Debug|x86
		{1BF1F150-93F7-47B9-BDFF-12D407C33987}.DVD-5|Any CPU.ActiveCfg = Debug|x86
		{1BF1F150-93F7-47B9-BDFF-12D407C33987}.DVD-5|Mixed Platforms.ActiveCfg = Debug|x86
		{1BF1F150-93F7-47B9-BDFF-12D407C33987}.DVD-5|Mixed Platforms.Build.0 = Debug|x86
		{1BF1F150-93F7-47B9-BDFF-12D407C33987}.DVD-5|x86.ActiveCfg = Debug|x86
		{1BF1F150-93F7-47B9-BDFF-12D407C33987}.DVD-5|x86.Build.0 = Debug|x86
		{1BF1F150-93F7-47B9-BDFF-12D407C33987}.Release|Any CPU.ActiveCfg = Release|Any CPU
		{1BF1F150-93F7-47B9-BDFF-12D407C33987}.Release|Any CPU.Build.0 = Release|Any CPU
		{1BF1F150-93F7-47B9-BDFF-12D407C33987}.Release|Mixed Platforms.ActiveCfg = Release|x86
		{1BF1F150-93F7-47B9-BDFF-12D407C33987}.Release|Mixed Platforms.Build.0 = Release|x86
		{1BF1F150-93F7-47B9-BDFF-12D407C33987}.Release|x86.ActiveCfg = Release|x86
		{1BF1F150-93F7-47B9-BDFF-12D407C33987}.Release|x86.Build.0 = Release|x86
		{1BF1F150-93F7-47B9-BDFF-12D407C33987}.SingleImage|Any CPU.ActiveCfg = Release|x86
		{1BF1F150-93F7-47B9-BDFF-12D407C33987}.SingleImage|Mixed Platforms.ActiveCfg = Release|x86
		{1BF1F150-93F7-47B9-BDFF-12D407C33987}.SingleImage|Mixed Platforms.Build.0 = Release|x86
		{1BF1F150-93F7-47B9-BDFF-12D407C33987}.SingleImage|x86.ActiveCfg = Release|x86
		{1BF1F150-93F7-47B9-BDFF-12D407C33987}.SingleImage|x86.Build.0 = Release|x86
		{090B91D7-B824-4D92-BA4D-C058648C619E}.CD_ROM|Any CPU.ActiveCfg = Release|x86
		{090B91D7-B824-4D92-BA4D-C058648C619E}.CD_ROM|Mixed Platforms.ActiveCfg = Release|x86
		{090B91D7-B824-4D92-BA4D-C058648C619E}.CD_ROM|Mixed Platforms.Build.0 = Release|x86
		{090B91D7-B824-4D92-BA4D-C058648C619E}.CD_ROM|x86.ActiveCfg = Release|x86
		{090B91D7-B824-4D92-BA4D-C058648C619E}.CD_ROM|x86.Build.0 = Release|x86
		{090B91D7-B824-4D92-BA4D-C058648C619E}.Debug|Any CPU.ActiveCfg = Debug|Any CPU
		{090B91D7-B824-4D92-BA4D-C058648C619E}.Debug|Any CPU.Build.0 = Debug|Any CPU
		{090B91D7-B824-4D92-BA4D-C058648C619E}.Debug|Mixed Platforms.ActiveCfg = Debug|x86
		{090B91D7-B824-4D92-BA4D-C058648C619E}.Debug|Mixed Platforms.Build.0 = Debug|x86
		{090B91D7-B824-4D92-BA4D-C058648C619E}.Debug|x86.ActiveCfg = Debug|x86
		{090B91D7-B824-4D92-BA4D-C058648C619E}.Debug|x86.Build.0 = Debug|x86
		{090B91D7-B824-4D92-BA4D-C058648C619E}.DVD-5|Any CPU.ActiveCfg = Debug|x86
		{090B91D7-B824-4D92-BA4D-C058648C619E}.DVD-5|Mixed Platforms.ActiveCfg = Debug|x86
		{090B91D7-B824-4D92-BA4D-C058648C619E}.DVD-5|Mixed Platforms.Build.0 = Debug|x86
		{090B91D7-B824-4D92-BA4D-C058648C619E}.DVD-5|x86.ActiveCfg = Debug|x86
		{090B91D7-B824-4D92-BA4D-C058648C619E}.DVD-5|x86.Build.0 = Debug|x86
		{090B91D7-B824-4D92-BA4D-C058648C619E}.Release|Any CPU.ActiveCfg = Release|Any CPU
		{090B91D7-B824-4D92-BA4D-C058648C619E}.Release|Any CPU.Build.0 = Release|Any CPU
		{090B91D7-B824-4D92-BA4D-C058648C619E}.Release|Mixed Platforms.ActiveCfg = Release|x86
		{090B91D7-B824-4D92-BA4D-C058648C619E}.Release|Mixed Platforms.Build.0 = Release|x86
		{090B91D7-B824-4D92-BA4D-C058648C619E}.Release|x86.ActiveCfg = Release|x86
		{090B91D7-B824-4D92-BA4D-C058648C619E}.Release|x86.Build.0 = Release|x86
		{090B91D7-B824-4D92-BA4D-C058648C619E}.SingleImage|Any CPU.ActiveCfg = Release|x86
		{090B91D7-B824-4D92-BA4D-C058648C619E}.SingleImage|Mixed Platforms.ActiveCfg = Release|x86
		{090B91D7-B824-4D92-BA4D-C058648C619E}.SingleImage|Mixed Platforms.Build.0 = Release|x86
		{090B91D7-B824-4D92-BA4D-C058648C619E}.SingleImage|x86.ActiveCfg = Release|x86
		{090B91D7-B824-4D92-BA4D-C058648C619E}.SingleImage|x86.Build.0 = Release|x86
		{27997671-D148-427A-9911-13841AC3040C}.CD_ROM|Any CPU.ActiveCfg = Release|x86
		{27997671-D148-427A-9911-13841AC3040C}.CD_ROM|Mixed Platforms.ActiveCfg = Release|x86
		{27997671-D148-427A-9911-13841AC3040C}.CD_ROM|Mixed Platforms.Build.0 = Release|x86
		{27997671-D148-427A-9911-13841AC3040C}.CD_ROM|x86.ActiveCfg = Release|x86
		{27997671-D148-427A-9911-13841AC3040C}.CD_ROM|x86.Build.0 = Release|x86
		{27997671-D148-427A-9911-13841AC3040C}.Debug|Any CPU.ActiveCfg = Debug|x86
		{27997671-D148-427A-9911-13841AC3040C}.Debug|Mixed Platforms.ActiveCfg = Debug|x86
		{27997671-D148-427A-9911-13841AC3040C}.Debug|Mixed Platforms.Build.0 = Debug|x86
		{27997671-D148-427A-9911-13841AC3040C}.Debug|x86.ActiveCfg = Debug|x86
		{27997671-D148-427A-9911-13841AC3040C}.Debug|x86.Build.0 = Debug|x86
		{27997671-D148-427A-9911-13841AC3040C}.DVD-5|Any CPU.ActiveCfg = Debug|x86
		{27997671-D148-427A-9911-13841AC3040C}.DVD-5|Mixed Platforms.ActiveCfg = Debug|x86
		{27997671-D148-427A-9911-13841AC3040C}.DVD-5|Mixed Platforms.Build.0 = Debug|x86
		{27997671-D148-427A-9911-13841AC3040C}.DVD-5|x86.ActiveCfg = Debug|x86
		{27997671-D148-427A-9911-13841AC3040C}.DVD-5|x86.Build.0 = Debug|x86
		{27997671-D148-427A-9911-13841AC3040C}.Release|Any CPU.ActiveCfg = Release|x86
		{27997671-D148-427A-9911-13841AC3040C}.Release|Mixed Platforms.ActiveCfg = Release|x86
		{27997671-D148-427A-9911-13841AC3040C}.Release|Mixed Platforms.Build.0 = Release|x86
		{27997671-D148-427A-9911-13841AC3040C}.Release|x86.ActiveCfg = Release|x86
		{27997671-D148-427A-9911-13841AC3040C}.Release|x86.Build.0 = Release|x86
		{27997671-D148-427A-9911-13841AC3040C}.SingleImage|Any CPU.ActiveCfg = Release|x86
		{27997671-D148-427A-9911-13841AC3040C}.SingleImage|Mixed Platforms.ActiveCfg = Release|x86
		{27997671-D148-427A-9911-13841AC3040C}.SingleImage|Mixed Platforms.Build.0 = Release|x86
		{27997671-D148-427A-9911-13841AC3040C}.SingleImage|x86.ActiveCfg = Release|x86
		{27997671-D148-427A-9911-13841AC3040C}.SingleImage|x86.Build.0 = Release|x86
		{5A674367-790F-48FA-B5D3-C99B843DABB6}.CD_ROM|Any CPU.ActiveCfg = CD_ROM
		{5A674367-790F-48FA-B5D3-C99B843DABB6}.CD_ROM|Any CPU.Build.0 = CD_ROM
		{5A674367-790F-48FA-B5D3-C99B843DABB6}.CD_ROM|Mixed Platforms.ActiveCfg = CD_ROM
		{5A674367-790F-48FA-B5D3-C99B843DABB6}.CD_ROM|Mixed Platforms.Build.0 = CD_ROM
		{5A674367-790F-48FA-B5D3-C99B843DABB6}.CD_ROM|x86.ActiveCfg = CD_ROM
		{5A674367-790F-48FA-B5D3-C99B843DABB6}.CD_ROM|x86.Build.0 = CD_ROM
		{5A674367-790F-48FA-B5D3-C99B843DABB6}.Debug|Any CPU.ActiveCfg = DVD-5
		{5A674367-790F-48FA-B5D3-C99B843DABB6}.Debug|Any CPU.Build.0 = DVD-5
		{5A674367-790F-48FA-B5D3-C99B843DABB6}.Debug|Mixed Platforms.ActiveCfg = SingleImage
		{5A674367-790F-48FA-B5D3-C99B843DABB6}.Debug|Mixed Platforms.Build.0 = SingleImage
		{5A674367-790F-48FA-B5D3-C99B843DABB6}.Debug|x86.ActiveCfg = DVD-5
		{5A674367-790F-48FA-B5D3-C99B843DABB6}.Debug|x86.Build.0 = DVD-5
		{5A674367-790F-48FA-B5D3-C99B843DABB6}.DVD-5|Any CPU.ActiveCfg = DVD-5
		{5A674367-790F-48FA-B5D3-C99B843DABB6}.DVD-5|Any CPU.Build.0 = DVD-5
		{5A674367-790F-48FA-B5D3-C99B843DABB6}.DVD-5|Mixed Platforms.ActiveCfg = DVD-5
		{5A674367-790F-48FA-B5D3-C99B843DABB6}.DVD-5|Mixed Platforms.Build.0 = DVD-5
		{5A674367-790F-48FA-B5D3-C99B843DABB6}.DVD-5|x86.ActiveCfg = DVD-5
		{5A674367-790F-48FA-B5D3-C99B843DABB6}.DVD-5|x86.Build.0 = DVD-5
		{5A674367-790F-48FA-B5D3-C99B843DABB6}.Release|Any CPU.ActiveCfg = SingleImage
		{5A674367-790F-48FA-B5D3-C99B843DABB6}.Release|Any CPU.Build.0 = SingleImage
		{5A674367-790F-48FA-B5D3-C99B843DABB6}.Release|Mixed Platforms.ActiveCfg = SingleImage
		{5A674367-790F-48FA-B5D3-C99B843DABB6}.Release|Mixed Platforms.Build.0 = SingleImage
		{5A674367-790F-48FA-B5D3-C99B843DABB6}.Release|x86.ActiveCfg = SingleImage
		{5A674367-790F-48FA-B5D3-C99B843DABB6}.Release|x86.Build.0 = SingleImage
		{5A674367-790F-48FA-B5D3-C99B843DABB6}.SingleImage|Any CPU.ActiveCfg = SingleImage
		{5A674367-790F-48FA-B5D3-C99B843DABB6}.SingleImage|Any CPU.Build.0 = SingleImage
		{5A674367-790F-48FA-B5D3-C99B843DABB6}.SingleImage|Mixed Platforms.ActiveCfg = SingleImage
		{5A674367-790F-48FA-B5D3-C99B843DABB6}.SingleImage|Mixed Platforms.Build.0 = SingleImage
		{5A674367-790F-48FA-B5D3-C99B843DABB6}.SingleImage|x86.ActiveCfg = SingleImage
		{5A674367-790F-48FA-B5D3-C99B843DABB6}.SingleImage|x86.Build.0 = SingleImage
		{9DFBD0EF-24E5-4DB4-96AF-236452EC9FC5}.CD_ROM|Any CPU.ActiveCfg = Release|Any CPU
		{9DFBD0EF-24E5-4DB4-96AF-236452EC9FC5}.CD_ROM|Any CPU.Build.0 = Release|Any CPU
		{9DFBD0EF-24E5-4DB4-96AF-236452EC9FC5}.CD_ROM|Mixed Platforms.ActiveCfg = Release|Any CPU
		{9DFBD0EF-24E5-4DB4-96AF-236452EC9FC5}.CD_ROM|Mixed Platforms.Build.0 = Release|Any CPU
		{9DFBD0EF-24E5-4DB4-96AF-236452EC9FC5}.CD_ROM|x86.ActiveCfg = Release|Any CPU
		{9DFBD0EF-24E5-4DB4-96AF-236452EC9FC5}.Debug|Any CPU.ActiveCfg = Debug|Any CPU
		{9DFBD0EF-24E5-4DB4-96AF-236452EC9FC5}.Debug|Any CPU.Build.0 = Debug|Any CPU
		{9DFBD0EF-24E5-4DB4-96AF-236452EC9FC5}.Debug|Mixed Platforms.ActiveCfg = Debug|Any CPU
		{9DFBD0EF-24E5-4DB4-96AF-236452EC9FC5}.Debug|Mixed Platforms.Build.0 = Debug|Any CPU
		{9DFBD0EF-24E5-4DB4-96AF-236452EC9FC5}.Debug|x86.ActiveCfg = Debug|Any CPU
		{9DFBD0EF-24E5-4DB4-96AF-236452EC9FC5}.DVD-5|Any CPU.ActiveCfg = Debug|Any CPU
		{9DFBD0EF-24E5-4DB4-96AF-236452EC9FC5}.DVD-5|Any CPU.Build.0 = Debug|Any CPU
		{9DFBD0EF-24E5-4DB4-96AF-236452EC9FC5}.DVD-5|Mixed Platforms.ActiveCfg = Debug|Any CPU
		{9DFBD0EF-24E5-4DB4-96AF-236452EC9FC5}.DVD-5|Mixed Platforms.Build.0 = Debug|Any CPU
		{9DFBD0EF-24E5-4DB4-96AF-236452EC9FC5}.DVD-5|x86.ActiveCfg = Debug|Any CPU
		{9DFBD0EF-24E5-4DB4-96AF-236452EC9FC5}.Release|Any CPU.ActiveCfg = Release|Any CPU
		{9DFBD0EF-24E5-4DB4-96AF-236452EC9FC5}.Release|Any CPU.Build.0 = Release|Any CPU
		{9DFBD0EF-24E5-4DB4-96AF-236452EC9FC5}.Release|Mixed Platforms.ActiveCfg = Release|Any CPU
		{9DFBD0EF-24E5-4DB4-96AF-236452EC9FC5}.Release|Mixed Platforms.Build.0 = Release|Any CPU
		{9DFBD0EF-24E5-4DB4-96AF-236452EC9FC5}.Release|x86.ActiveCfg = Release|Any CPU
		{9DFBD0EF-24E5-4DB4-96AF-236452EC9FC5}.SingleImage|Any CPU.ActiveCfg = Release|Any CPU
		{9DFBD0EF-24E5-4DB4-96AF-236452EC9FC5}.SingleImage|Any CPU.Build.0 = Release|Any CPU
		{9DFBD0EF-24E5-4DB4-96AF-236452EC9FC5}.SingleImage|Mixed Platforms.ActiveCfg = Release|Any CPU
		{9DFBD0EF-24E5-4DB4-96AF-236452EC9FC5}.SingleImage|Mixed Platforms.Build.0 = Release|Any CPU
		{9DFBD0EF-24E5-4DB4-96AF-236452EC9FC5}.SingleImage|x86.ActiveCfg = Release|Any CPU
		{764DBA74-6513-40F4-8174-A03997F586F4}.CD_ROM|Any CPU.ActiveCfg = Release|Any CPU
		{764DBA74-6513-40F4-8174-A03997F586F4}.CD_ROM|Any CPU.Build.0 = Release|Any CPU
		{764DBA74-6513-40F4-8174-A03997F586F4}.CD_ROM|Mixed Platforms.ActiveCfg = Release|Any CPU
		{764DBA74-6513-40F4-8174-A03997F586F4}.CD_ROM|Mixed Platforms.Build.0 = Release|Any CPU
		{764DBA74-6513-40F4-8174-A03997F586F4}.CD_ROM|x86.ActiveCfg = Release|Any CPU
		{764DBA74-6513-40F4-8174-A03997F586F4}.Debug|Any CPU.ActiveCfg = Debug|Any CPU
		{764DBA74-6513-40F4-8174-A03997F586F4}.Debug|Any CPU.Build.0 = Debug|Any CPU
		{764DBA74-6513-40F4-8174-A03997F586F4}.Debug|Mixed Platforms.ActiveCfg = Debug|Any CPU
		{764DBA74-6513-40F4-8174-A03997F586F4}.Debug|Mixed Platforms.Build.0 = Debug|Any CPU
		{764DBA74-6513-40F4-8174-A03997F586F4}.Debug|x86.ActiveCfg = Debug|Any CPU
		{764DBA74-6513-40F4-8174-A03997F586F4}.DVD-5|Any CPU.ActiveCfg = Debug|Any CPU
		{764DBA74-6513-40F4-8174-A03997F586F4}.DVD-5|Any CPU.Build.0 = Debug|Any CPU
		{764DBA74-6513-40F4-8174-A03997F586F4}.DVD-5|Mixed Platforms.ActiveCfg = Debug|Any CPU
		{764DBA74-6513-40F4-8174-A03997F586F4}.DVD-5|Mixed Platforms.Build.0 = Debug|Any CPU
		{764DBA74-6513-40F4-8174-A03997F586F4}.DVD-5|x86.ActiveCfg = Debug|Any CPU
		{764DBA74-6513-40F4-8174-A03997F586F4}.Release|Any CPU.ActiveCfg = Release|Any CPU
		{764DBA74-6513-40F4-8174-A03997F586F4}.Release|Any CPU.Build.0 = Release|Any CPU
		{764DBA74-6513-40F4-8174-A03997F586F4}.Release|Mixed Platforms.ActiveCfg = Release|Any CPU
		{764DBA74-6513-40F4-8174-A03997F586F4}.Release|Mixed Platforms.Build.0 = Release|Any CPU
		{764DBA74-6513-40F4-8174-A03997F586F4}.Release|x86.ActiveCfg = Release|Any CPU
		{764DBA74-6513-40F4-8174-A03997F586F4}.SingleImage|Any CPU.ActiveCfg = Release|Any CPU
		{764DBA74-6513-40F4-8174-A03997F586F4}.SingleImage|Any CPU.Build.0 = Release|Any CPU
		{764DBA74-6513-40F4-8174-A03997F586F4}.SingleImage|Mixed Platforms.ActiveCfg = Release|Any CPU
		{764DBA74-6513-40F4-8174-A03997F586F4}.SingleImage|Mixed Platforms.Build.0 = Release|Any CPU
		{764DBA74-6513-40F4-8174-A03997F586F4}.SingleImage|x86.ActiveCfg = Release|Any CPU
		{68901C42-6515-4992-9491-5E89E9AC0FFA}.CD_ROM|Any CPU.ActiveCfg = Release|Any CPU
		{68901C42-6515-4992-9491-5E89E9AC0FFA}.CD_ROM|Any CPU.Build.0 = Release|Any CPU
		{68901C42-6515-4992-9491-5E89E9AC0FFA}.CD_ROM|Mixed Platforms.ActiveCfg = Release|Any CPU
		{68901C42-6515-4992-9491-5E89E9AC0FFA}.CD_ROM|Mixed Platforms.Build.0 = Release|Any CPU
		{68901C42-6515-4992-9491-5E89E9AC0FFA}.CD_ROM|x86.ActiveCfg = Release|Any CPU
		{68901C42-6515-4992-9491-5E89E9AC0FFA}.Debug|Any CPU.ActiveCfg = Debug|Any CPU
		{68901C42-6515-4992-9491-5E89E9AC0FFA}.Debug|Any CPU.Build.0 = Debug|Any CPU
		{68901C42-6515-4992-9491-5E89E9AC0FFA}.Debug|Mixed Platforms.ActiveCfg = Debug|Any CPU
		{68901C42-6515-4992-9491-5E89E9AC0FFA}.Debug|Mixed Platforms.Build.0 = Debug|Any CPU
		{68901C42-6515-4992-9491-5E89E9AC0FFA}.Debug|x86.ActiveCfg = Debug|Any CPU
		{68901C42-6515-4992-9491-5E89E9AC0FFA}.DVD-5|Any CPU.ActiveCfg = Debug|Any CPU
		{68901C42-6515-4992-9491-5E89E9AC0FFA}.DVD-5|Any CPU.Build.0 = Debug|Any CPU
		{68901C42-6515-4992-9491-5E89E9AC0FFA}.DVD-5|Mixed Platforms.ActiveCfg = Debug|Any CPU
		{68901C42-6515-4992-9491-5E89E9AC0FFA}.DVD-5|Mixed Platforms.Build.0 = Debug|Any CPU
		{68901C42-6515-4992-9491-5E89E9AC0FFA}.DVD-5|x86.ActiveCfg = Debug|Any CPU
		{68901C42-6515-4992-9491-5E89E9AC0FFA}.Release|Any CPU.ActiveCfg = Release|Any CPU
		{68901C42-6515-4992-9491-5E89E9AC0FFA}.Release|Any CPU.Build.0 = Release|Any CPU
		{68901C42-6515-4992-9491-5E89E9AC0FFA}.Release|Mixed Platforms.ActiveCfg = Release|Any CPU
		{68901C42-6515-4992-9491-5E89E9AC0FFA}.Release|Mixed Platforms.Build.0 = Release|Any CPU
		{68901C42-6515-4992-9491-5E89E9AC0FFA}.Release|x86.ActiveCfg = Release|Any CPU
		{68901C42-6515-4992-9491-5E89E9AC0FFA}.SingleImage|Any CPU.ActiveCfg = Release|Any CPU
		{68901C42-6515-4992-9491-5E89E9AC0FFA}.SingleImage|Any CPU.Build.0 = Release|Any CPU
		{68901C42-6515-4992-9491-5E89E9AC0FFA}.SingleImage|Mixed Platforms.ActiveCfg = Release|Any CPU
		{68901C42-6515-4992-9491-5E89E9AC0FFA}.SingleImage|Mixed Platforms.Build.0 = Release|Any CPU
		{68901C42-6515-4992-9491-5E89E9AC0FFA}.SingleImage|x86.ActiveCfg = Release|Any CPU
		{B15E6C4E-B99B-42F8-B630-AF6F20B18BEE}.CD_ROM|Any CPU.ActiveCfg = Release|Any CPU
		{B15E6C4E-B99B-42F8-B630-AF6F20B18BEE}.CD_ROM|Any CPU.Build.0 = Release|Any CPU
		{B15E6C4E-B99B-42F8-B630-AF6F20B18BEE}.CD_ROM|Mixed Platforms.ActiveCfg = Release|Any CPU
		{B15E6C4E-B99B-42F8-B630-AF6F20B18BEE}.CD_ROM|Mixed Platforms.Build.0 = Release|Any CPU
		{B15E6C4E-B99B-42F8-B630-AF6F20B18BEE}.CD_ROM|x86.ActiveCfg = Release|Any CPU
		{B15E6C4E-B99B-42F8-B630-AF6F20B18BEE}.Debug|Any CPU.ActiveCfg = Debug|Any CPU
		{B15E6C4E-B99B-42F8-B630-AF6F20B18BEE}.Debug|Any CPU.Build.0 = Debug|Any CPU
		{B15E6C4E-B99B-42F8-B630-AF6F20B18BEE}.Debug|Mixed Platforms.ActiveCfg = Debug|Any CPU
		{B15E6C4E-B99B-42F8-B630-AF6F20B18BEE}.Debug|Mixed Platforms.Build.0 = Debug|Any CPU
		{B15E6C4E-B99B-42F8-B630-AF6F20B18BEE}.Debug|x86.ActiveCfg = Debug|Any CPU
		{B15E6C4E-B99B-42F8-B630-AF6F20B18BEE}.DVD-5|Any CPU.ActiveCfg = Debug|Any CPU
		{B15E6C4E-B99B-42F8-B630-AF6F20B18BEE}.DVD-5|Any CPU.Build.0 = Debug|Any CPU
		{B15E6C4E-B99B-42F8-B630-AF6F20B18BEE}.DVD-5|Mixed Platforms.ActiveCfg = Debug|Any CPU
		{B15E6C4E-B99B-42F8-B630-AF6F20B18BEE}.DVD-5|Mixed Platforms.Build.0 = Debug|Any CPU
		{B15E6C4E-B99B-42F8-B630-AF6F20B18BEE}.DVD-5|x86.ActiveCfg = Debug|Any CPU
		{B15E6C4E-B99B-42F8-B630-AF6F20B18BEE}.Release|Any CPU.ActiveCfg = Release|Any CPU
		{B15E6C4E-B99B-42F8-B630-AF6F20B18BEE}.Release|Any CPU.Build.0 = Release|Any CPU
		{B15E6C4E-B99B-42F8-B630-AF6F20B18BEE}.Release|Mixed Platforms.ActiveCfg = Release|Any CPU
		{B15E6C4E-B99B-42F8-B630-AF6F20B18BEE}.Release|Mixed Platforms.Build.0 = Release|Any CPU
		{B15E6C4E-B99B-42F8-B630-AF6F20B18BEE}.Release|x86.ActiveCfg = Release|Any CPU
		{B15E6C4E-B99B-42F8-B630-AF6F20B18BEE}.SingleImage|Any CPU.ActiveCfg = Release|Any CPU
		{B15E6C4E-B99B-42F8-B630-AF6F20B18BEE}.SingleImage|Any CPU.Build.0 = Release|Any CPU
		{B15E6C4E-B99B-42F8-B630-AF6F20B18BEE}.SingleImage|Mixed Platforms.ActiveCfg = Release|Any CPU
		{B15E6C4E-B99B-42F8-B630-AF6F20B18BEE}.SingleImage|Mixed Platforms.Build.0 = Release|Any CPU
		{B15E6C4E-B99B-42F8-B630-AF6F20B18BEE}.SingleImage|x86.ActiveCfg = Release|Any CPU
		{F567C891-E638-4FA4-A976-72E5AF87C2F3}.CD_ROM|Any CPU.ActiveCfg = Release|Any CPU
		{F567C891-E638-4FA4-A976-72E5AF87C2F3}.CD_ROM|Any CPU.Build.0 = Release|Any CPU
		{F567C891-E638-4FA4-A976-72E5AF87C2F3}.CD_ROM|Mixed Platforms.ActiveCfg = Release|Any CPU
		{F567C891-E638-4FA4-A976-72E5AF87C2F3}.CD_ROM|Mixed Platforms.Build.0 = Release|Any CPU
		{F567C891-E638-4FA4-A976-72E5AF87C2F3}.CD_ROM|x86.ActiveCfg = Release|Any CPU
		{F567C891-E638-4FA4-A976-72E5AF87C2F3}.Debug|Any CPU.ActiveCfg = Debug|Any CPU
		{F567C891-E638-4FA4-A976-72E5AF87C2F3}.Debug|Any CPU.Build.0 = Debug|Any CPU
		{F567C891-E638-4FA4-A976-72E5AF87C2F3}.Debug|Mixed Platforms.ActiveCfg = Debug|Any CPU
		{F567C891-E638-4FA4-A976-72E5AF87C2F3}.Debug|Mixed Platforms.Build.0 = Debug|Any CPU
		{F567C891-E638-4FA4-A976-72E5AF87C2F3}.Debug|x86.ActiveCfg = Debug|Any CPU
		{F567C891-E638-4FA4-A976-72E5AF87C2F3}.DVD-5|Any CPU.ActiveCfg = Debug|Any CPU
		{F567C891-E638-4FA4-A976-72E5AF87C2F3}.DVD-5|Any CPU.Build.0 = Debug|Any CPU
		{F567C891-E638-4FA4-A976-72E5AF87C2F3}.DVD-5|Mixed Platforms.ActiveCfg = Debug|Any CPU
		{F567C891-E638-4FA4-A976-72E5AF87C2F3}.DVD-5|Mixed Platforms.Build.0 = Debug|Any CPU
		{F567C891-E638-4FA4-A976-72E5AF87C2F3}.DVD-5|x86.ActiveCfg = Debug|Any CPU
		{F567C891-E638-4FA4-A976-72E5AF87C2F3}.Release|Any CPU.ActiveCfg = Release|Any CPU
		{F567C891-E638-4FA4-A976-72E5AF87C2F3}.Release|Any CPU.Build.0 = Release|Any CPU
		{F567C891-E638-4FA4-A976-72E5AF87C2F3}.Release|Mixed Platforms.ActiveCfg = Release|Any CPU
		{F567C891-E638-4FA4-A976-72E5AF87C2F3}.Release|Mixed Platforms.Build.0 = Release|Any CPU
		{F567C891-E638-4FA4-A976-72E5AF87C2F3}.Release|x86.ActiveCfg = Release|Any CPU
		{F567C891-E638-4FA4-A976-72E5AF87C2F3}.SingleImage|Any CPU.ActiveCfg = Release|Any CPU
		{F567C891-E638-4FA4-A976-72E5AF87C2F3}.SingleImage|Any CPU.Build.0 = Release|Any CPU
		{F567C891-E638-4FA4-A976-72E5AF87C2F3}.SingleImage|Mixed Platforms.ActiveCfg = Release|Any CPU
		{F567C891-E638-4FA4-A976-72E5AF87C2F3}.SingleImage|Mixed Platforms.Build.0 = Release|Any CPU
		{F567C891-E638-4FA4-A976-72E5AF87C2F3}.SingleImage|x86.ActiveCfg = Release|Any CPU
		{4AE4FCC7-091D-455F-9513-363488900A60}.CD_ROM|Any CPU.ActiveCfg = Release|Any CPU
		{4AE4FCC7-091D-455F-9513-363488900A60}.CD_ROM|Any CPU.Build.0 = Release|Any CPU
		{4AE4FCC7-091D-455F-9513-363488900A60}.CD_ROM|Mixed Platforms.ActiveCfg = Release|Any CPU
		{4AE4FCC7-091D-455F-9513-363488900A60}.CD_ROM|Mixed Platforms.Build.0 = Release|Any CPU
		{4AE4FCC7-091D-455F-9513-363488900A60}.CD_ROM|x86.ActiveCfg = Release|Any CPU
		{4AE4FCC7-091D-455F-9513-363488900A60}.Debug|Any CPU.ActiveCfg = Debug|Any CPU
		{4AE4FCC7-091D-455F-9513-363488900A60}.Debug|Any CPU.Build.0 = Debug|Any CPU
		{4AE4FCC7-091D-455F-9513-363488900A60}.Debug|Mixed Platforms.ActiveCfg = Debug|Any CPU
		{4AE4FCC7-091D-455F-9513-363488900A60}.Debug|Mixed Platforms.Build.0 = Debug|Any CPU
		{4AE4FCC7-091D-455F-9513-363488900A60}.Debug|x86.ActiveCfg = Debug|Any CPU
		{4AE4FCC7-091D-455F-9513-363488900A60}.DVD-5|Any CPU.ActiveCfg = Debug|Any CPU
		{4AE4FCC7-091D-455F-9513-363488900A60}.DVD-5|Any CPU.Build.0 = Debug|Any CPU
		{4AE4FCC7-091D-455F-9513-363488900A60}.DVD-5|Mixed Platforms.ActiveCfg = Debug|Any CPU
		{4AE4FCC7-091D-455F-9513-363488900A60}.DVD-5|Mixed Platforms.Build.0 = Debug|Any CPU
		{4AE4FCC7-091D-455F-9513-363488900A60}.DVD-5|x86.ActiveCfg = Debug|Any CPU
		{4AE4FCC7-091D-455F-9513-363488900A60}.Release|Any CPU.ActiveCfg = Release|Any CPU
		{4AE4FCC7-091D-455F-9513-363488900A60}.Release|Any CPU.Build.0 = Release|Any CPU
		{4AE4FCC7-091D-455F-9513-363488900A60}.Release|Mixed Platforms.ActiveCfg = Release|Any CPU
		{4AE4FCC7-091D-455F-9513-363488900A60}.Release|Mixed Platforms.Build.0 = Release|Any CPU
		{4AE4FCC7-091D-455F-9513-363488900A60}.Release|x86.ActiveCfg = Release|Any CPU
		{4AE4FCC7-091D-455F-9513-363488900A60}.SingleImage|Any CPU.ActiveCfg = Release|Any CPU
		{4AE4FCC7-091D-455F-9513-363488900A60}.SingleImage|Any CPU.Build.0 = Release|Any CPU
		{4AE4FCC7-091D-455F-9513-363488900A60}.SingleImage|Mixed Platforms.ActiveCfg = Release|Any CPU
		{4AE4FCC7-091D-455F-9513-363488900A60}.SingleImage|Mixed Platforms.Build.0 = Release|Any CPU
		{4AE4FCC7-091D-455F-9513-363488900A60}.SingleImage|x86.ActiveCfg = Release|Any CPU
		{FF4A273A-5E79-4E42-9108-9B319DE94827}.CD_ROM|Any CPU.ActiveCfg = Release|x86
		{FF4A273A-5E79-4E42-9108-9B319DE94827}.CD_ROM|Mixed Platforms.ActiveCfg = Release|x86
		{FF4A273A-5E79-4E42-9108-9B319DE94827}.CD_ROM|Mixed Platforms.Build.0 = Release|x86
		{FF4A273A-5E79-4E42-9108-9B319DE94827}.CD_ROM|x86.ActiveCfg = Release|x86
		{FF4A273A-5E79-4E42-9108-9B319DE94827}.CD_ROM|x86.Build.0 = Release|x86
		{FF4A273A-5E79-4E42-9108-9B319DE94827}.Debug|Any CPU.ActiveCfg = Debug|x86
		{FF4A273A-5E79-4E42-9108-9B319DE94827}.Debug|Mixed Platforms.ActiveCfg = Debug|x86
		{FF4A273A-5E79-4E42-9108-9B319DE94827}.Debug|Mixed Platforms.Build.0 = Debug|x86
		{FF4A273A-5E79-4E42-9108-9B319DE94827}.Debug|x86.ActiveCfg = Debug|x86
		{FF4A273A-5E79-4E42-9108-9B319DE94827}.Debug|x86.Build.0 = Debug|x86
		{FF4A273A-5E79-4E42-9108-9B319DE94827}.DVD-5|Any CPU.ActiveCfg = Debug|x86
		{FF4A273A-5E79-4E42-9108-9B319DE94827}.DVD-5|Mixed Platforms.ActiveCfg = Debug|x86
		{FF4A273A-5E79-4E42-9108-9B319DE94827}.DVD-5|Mixed Platforms.Build.0 = Debug|x86
		{FF4A273A-5E79-4E42-9108-9B319DE94827}.DVD-5|x86.ActiveCfg = Debug|x86
		{FF4A273A-5E79-4E42-9108-9B319DE94827}.DVD-5|x86.Build.0 = Debug|x86
		{FF4A273A-5E79-4E42-9108-9B319DE94827}.Release|Any CPU.ActiveCfg = Release|x86
		{FF4A273A-5E79-4E42-9108-9B319DE94827}.Release|Mixed Platforms.ActiveCfg = Release|x86
		{FF4A273A-5E79-4E42-9108-9B319DE94827}.Release|Mixed Platforms.Build.0 = Release|x86
		{FF4A273A-5E79-4E42-9108-9B319DE94827}.Release|x86.ActiveCfg = Release|x86
		{FF4A273A-5E79-4E42-9108-9B319DE94827}.Release|x86.Build.0 = Release|x86
		{FF4A273A-5E79-4E42-9108-9B319DE94827}.SingleImage|Any CPU.ActiveCfg = Release|x86
		{FF4A273A-5E79-4E42-9108-9B319DE94827}.SingleImage|Mixed Platforms.ActiveCfg = Release|x86
		{FF4A273A-5E79-4E42-9108-9B319DE94827}.SingleImage|Mixed Platforms.Build.0 = Release|x86
		{FF4A273A-5E79-4E42-9108-9B319DE94827}.SingleImage|x86.ActiveCfg = Release|x86
		{FF4A273A-5E79-4E42-9108-9B319DE94827}.SingleImage|x86.Build.0 = Release|x86
		{CE017551-B1D1-4D4E-A3EE-D745FC8A92CD}.CD_ROM|Any CPU.ActiveCfg = Release|Any CPU
		{CE017551-B1D1-4D4E-A3EE-D745FC8A92CD}.CD_ROM|Any CPU.Build.0 = Release|Any CPU
		{CE017551-B1D1-4D4E-A3EE-D745FC8A92CD}.CD_ROM|Mixed Platforms.ActiveCfg = Release|Any CPU
		{CE017551-B1D1-4D4E-A3EE-D745FC8A92CD}.CD_ROM|Mixed Platforms.Build.0 = Release|Any CPU
		{CE017551-B1D1-4D4E-A3EE-D745FC8A92CD}.CD_ROM|x86.ActiveCfg = Release|Any CPU
		{CE017551-B1D1-4D4E-A3EE-D745FC8A92CD}.Debug|Any CPU.ActiveCfg = Debug|Any CPU
		{CE017551-B1D1-4D4E-A3EE-D745FC8A92CD}.Debug|Any CPU.Build.0 = Debug|Any CPU
		{CE017551-B1D1-4D4E-A3EE-D745FC8A92CD}.Debug|Mixed Platforms.ActiveCfg = Debug|Any CPU
		{CE017551-B1D1-4D4E-A3EE-D745FC8A92CD}.Debug|Mixed Platforms.Build.0 = Debug|Any CPU
		{CE017551-B1D1-4D4E-A3EE-D745FC8A92CD}.Debug|x86.ActiveCfg = Debug|Any CPU
		{CE017551-B1D1-4D4E-A3EE-D745FC8A92CD}.DVD-5|Any CPU.ActiveCfg = Debug|Any CPU
		{CE017551-B1D1-4D4E-A3EE-D745FC8A92CD}.DVD-5|Any CPU.Build.0 = Debug|Any CPU
		{CE017551-B1D1-4D4E-A3EE-D745FC8A92CD}.DVD-5|Mixed Platforms.ActiveCfg = Debug|Any CPU
		{CE017551-B1D1-4D4E-A3EE-D745FC8A92CD}.DVD-5|Mixed Platforms.Build.0 = Debug|Any CPU
		{CE017551-B1D1-4D4E-A3EE-D745FC8A92CD}.DVD-5|x86.ActiveCfg = Debug|Any CPU
		{CE017551-B1D1-4D4E-A3EE-D745FC8A92CD}.Release|Any CPU.ActiveCfg = Release|Any CPU
		{CE017551-B1D1-4D4E-A3EE-D745FC8A92CD}.Release|Any CPU.Build.0 = Release|Any CPU
		{CE017551-B1D1-4D4E-A3EE-D745FC8A92CD}.Release|Mixed Platforms.ActiveCfg = Release|Any CPU
		{CE017551-B1D1-4D4E-A3EE-D745FC8A92CD}.Release|Mixed Platforms.Build.0 = Release|Any CPU
		{CE017551-B1D1-4D4E-A3EE-D745FC8A92CD}.Release|x86.ActiveCfg = Release|Any CPU
		{CE017551-B1D1-4D4E-A3EE-D745FC8A92CD}.SingleImage|Any CPU.ActiveCfg = Release|Any CPU
		{CE017551-B1D1-4D4E-A3EE-D745FC8A92CD}.SingleImage|Any CPU.Build.0 = Release|Any CPU
		{CE017551-B1D1-4D4E-A3EE-D745FC8A92CD}.SingleImage|Mixed Platforms.ActiveCfg = Release|Any CPU
		{CE017551-B1D1-4D4E-A3EE-D745FC8A92CD}.SingleImage|Mixed Platforms.Build.0 = Release|Any CPU
		{CE017551-B1D1-4D4E-A3EE-D745FC8A92CD}.SingleImage|x86.ActiveCfg = Release|Any CPU
		{87841823-6334-4257-988E-3DA89B1CC76A}.CD_ROM|Any CPU.ActiveCfg = Release|x86
		{87841823-6334-4257-988E-3DA89B1CC76A}.CD_ROM|Mixed Platforms.ActiveCfg = Release|x86
		{87841823-6334-4257-988E-3DA89B1CC76A}.CD_ROM|Mixed Platforms.Build.0 = Release|x86
		{87841823-6334-4257-988E-3DA89B1CC76A}.CD_ROM|x86.ActiveCfg = Release|x86
		{87841823-6334-4257-988E-3DA89B1CC76A}.CD_ROM|x86.Build.0 = Release|x86
		{87841823-6334-4257-988E-3DA89B1CC76A}.Debug|Any CPU.ActiveCfg = Debug|x86
		{87841823-6334-4257-988E-3DA89B1CC76A}.Debug|Mixed Platforms.ActiveCfg = Debug|x86
		{87841823-6334-4257-988E-3DA89B1CC76A}.Debug|Mixed Platforms.Build.0 = Debug|x86
		{87841823-6334-4257-988E-3DA89B1CC76A}.Debug|x86.ActiveCfg = Debug|x86
		{87841823-6334-4257-988E-3DA89B1CC76A}.Debug|x86.Build.0 = Debug|x86
		{87841823-6334-4257-988E-3DA89B1CC76A}.DVD-5|Any CPU.ActiveCfg = Debug|x86
		{87841823-6334-4257-988E-3DA89B1CC76A}.DVD-5|Mixed Platforms.ActiveCfg = Debug|x86
		{87841823-6334-4257-988E-3DA89B1CC76A}.DVD-5|Mixed Platforms.Build.0 = Debug|x86
		{87841823-6334-4257-988E-3DA89B1CC76A}.DVD-5|x86.ActiveCfg = Debug|x86
		{87841823-6334-4257-988E-3DA89B1CC76A}.DVD-5|x86.Build.0 = Debug|x86
		{87841823-6334-4257-988E-3DA89B1CC76A}.Release|Any CPU.ActiveCfg = Release|x86
		{87841823-6334-4257-988E-3DA89B1CC76A}.Release|Mixed Platforms.ActiveCfg = Release|x86
		{87841823-6334-4257-988E-3DA89B1CC76A}.Release|Mixed Platforms.Build.0 = Release|x86
		{87841823-6334-4257-988E-3DA89B1CC76A}.Release|x86.ActiveCfg = Release|x86
		{87841823-6334-4257-988E-3DA89B1CC76A}.Release|x86.Build.0 = Release|x86
		{87841823-6334-4257-988E-3DA89B1CC76A}.SingleImage|Any CPU.ActiveCfg = Release|x86
		{87841823-6334-4257-988E-3DA89B1CC76A}.SingleImage|Mixed Platforms.ActiveCfg = Release|x86
		{87841823-6334-4257-988E-3DA89B1CC76A}.SingleImage|Mixed Platforms.Build.0 = Release|x86
		{87841823-6334-4257-988E-3DA89B1CC76A}.SingleImage|x86.ActiveCfg = Release|x86
		{87841823-6334-4257-988E-3DA89B1CC76A}.SingleImage|x86.Build.0 = Release|x86
		{EC26C2A5-9864-48D5-9CF6-25F7F8837B2F}.CD_ROM|Any CPU.ActiveCfg = Release|x86
		{EC26C2A5-9864-48D5-9CF6-25F7F8837B2F}.CD_ROM|Mixed Platforms.ActiveCfg = Release|x86
		{EC26C2A5-9864-48D5-9CF6-25F7F8837B2F}.CD_ROM|Mixed Platforms.Build.0 = Release|x86
		{EC26C2A5-9864-48D5-9CF6-25F7F8837B2F}.CD_ROM|x86.ActiveCfg = Release|x86
		{EC26C2A5-9864-48D5-9CF6-25F7F8837B2F}.CD_ROM|x86.Build.0 = Release|x86
		{EC26C2A5-9864-48D5-9CF6-25F7F8837B2F}.Debug|Any CPU.ActiveCfg = Debug|x86
		{EC26C2A5-9864-48D5-9CF6-25F7F8837B2F}.Debug|Mixed Platforms.ActiveCfg = Debug|x86
		{EC26C2A5-9864-48D5-9CF6-25F7F8837B2F}.Debug|Mixed Platforms.Build.0 = Debug|x86
		{EC26C2A5-9864-48D5-9CF6-25F7F8837B2F}.Debug|x86.ActiveCfg = Debug|x86
		{EC26C2A5-9864-48D5-9CF6-25F7F8837B2F}.Debug|x86.Build.0 = Debug|x86
		{EC26C2A5-9864-48D5-9CF6-25F7F8837B2F}.DVD-5|Any CPU.ActiveCfg = Debug|x86
		{EC26C2A5-9864-48D5-9CF6-25F7F8837B2F}.DVD-5|Mixed Platforms.ActiveCfg = Debug|x86
		{EC26C2A5-9864-48D5-9CF6-25F7F8837B2F}.DVD-5|Mixed Platforms.Build.0 = Debug|x86
		{EC26C2A5-9864-48D5-9CF6-25F7F8837B2F}.DVD-5|x86.ActiveCfg = Debug|x86
		{EC26C2A5-9864-48D5-9CF6-25F7F8837B2F}.DVD-5|x86.Build.0 = Debug|x86
		{EC26C2A5-9864-48D5-9CF6-25F7F8837B2F}.Release|Any CPU.ActiveCfg = Release|x86
		{EC26C2A5-9864-48D5-9CF6-25F7F8837B2F}.Release|Mixed Platforms.ActiveCfg = Release|x86
		{EC26C2A5-9864-48D5-9CF6-25F7F8837B2F}.Release|Mixed Platforms.Build.0 = Release|x86
		{EC26C2A5-9864-48D5-9CF6-25F7F8837B2F}.Release|x86.ActiveCfg = Release|x86
		{EC26C2A5-9864-48D5-9CF6-25F7F8837B2F}.Release|x86.Build.0 = Release|x86
		{EC26C2A5-9864-48D5-9CF6-25F7F8837B2F}.SingleImage|Any CPU.ActiveCfg = Release|x86
		{EC26C2A5-9864-48D5-9CF6-25F7F8837B2F}.SingleImage|Mixed Platforms.ActiveCfg = Release|x86
		{EC26C2A5-9864-48D5-9CF6-25F7F8837B2F}.SingleImage|Mixed Platforms.Build.0 = Release|x86
		{EC26C2A5-9864-48D5-9CF6-25F7F8837B2F}.SingleImage|x86.ActiveCfg = Release|x86
		{EC26C2A5-9864-48D5-9CF6-25F7F8837B2F}.SingleImage|x86.Build.0 = Release|x86
	EndGlobalSection
	GlobalSection(SolutionProperties) = preSolution
		HideSolutionNode = FALSE
	EndGlobalSection
EndGlobal
